// !$*UTF8*$!
{
	archiveVersion = 1;
	classes = {
	};
	objectVersion = 56;
	objects = {

/* Begin PBXBuildFile section */
		6187A2AF2AC1EFC50075EC87 /* DetailViewController.swift in Sources */ = {isa = PBXBuildFile; fileRef = 6187A2AE2AC1EFC50075EC87 /* DetailViewController.swift */; };
		6187A2B12AC3228E0075EC87 /* GradientView.swift in Sources */ = {isa = PBXBuildFile; fileRef = 6187A2B02AC3228E0075EC87 /* GradientView.swift */; };
		6187A2B32AC327460075EC87 /* BounceAnimationController.swift in Sources */ = {isa = PBXBuildFile; fileRef = 6187A2B22AC327460075EC87 /* BounceAnimationController.swift */; };
		6187A2B52AC328BC0075EC87 /* SlideOutAnimationController.swift in Sources */ = {isa = PBXBuildFile; fileRef = 6187A2B42AC328BC0075EC87 /* SlideOutAnimationController.swift */; };
		6187A2B92AC32B3B0075EC87 /* LandscapeViewController.swift in Sources */ = {isa = PBXBuildFile; fileRef = 6187A2B82AC32B3B0075EC87 /* LandscapeViewController.swift */; };
		6187A2BB2AC3523B0075EC87 /* FadeOutAnimationController.swift in Sources */ = {isa = PBXBuildFile; fileRef = 6187A2BA2AC3523B0075EC87 /* FadeOutAnimationController.swift */; };
		6187A2BD2AC481890075EC87 /* Search.swift in Sources */ = {isa = PBXBuildFile; fileRef = 6187A2BC2AC481890075EC87 /* Search.swift */; };
		61ABFD052AB89A5700C6CD59 /* AppDelegate.swift in Sources */ = {isa = PBXBuildFile; fileRef = 61ABFD042AB89A5700C6CD59 /* AppDelegate.swift */; };
		61ABFD072AB89A5700C6CD59 /* SceneDelegate.swift in Sources */ = {isa = PBXBuildFile; fileRef = 61ABFD062AB89A5700C6CD59 /* SceneDelegate.swift */; };
		61ABFD092AB89A5700C6CD59 /* SearchViewController.swift in Sources */ = {isa = PBXBuildFile; fileRef = 61ABFD082AB89A5700C6CD59 /* SearchViewController.swift */; };
		61ABFD0E2AB89A5800C6CD59 /* Assets.xcassets in Resources */ = {isa = PBXBuildFile; fileRef = 61ABFD0D2AB89A5800C6CD59 /* Assets.xcassets */; };
		61ABFD192AB8CA8000C6CD59 /* SearchResult.swift in Sources */ = {isa = PBXBuildFile; fileRef = 61ABFD182AB8CA8000C6CD59 /* SearchResult.swift */; };
		61ABFD1D2AB8EFEE00C6CD59 /* SearchResultCell.swift in Sources */ = {isa = PBXBuildFile; fileRef = 61ABFD1C2AB8EFEE00C6CD59 /* SearchResultCell.swift */; };
		61ABFD232ABB73F100C6CD59 /* UIImageView+DownloadImage.swift in Sources */ = {isa = PBXBuildFile; fileRef = 61ABFD222ABB73F100C6CD59 /* UIImageView+DownloadImage.swift */; };
		61C6C7992AC4D77A004DB405 /* NothingFoundCell.xib in Resources */ = {isa = PBXBuildFile; fileRef = 61C6C79B2AC4D77A004DB405 /* NothingFoundCell.xib */; };
		61C6C79D2AC4D808004DB405 /* LoadingCell.xib in Resources */ = {isa = PBXBuildFile; fileRef = 61C6C79F2AC4D808004DB405 /* LoadingCell.xib */; };
		61C6C7A42AC4DCA9004DB405 /* SearchResultCell.xib in Resources */ = {isa = PBXBuildFile; fileRef = 61C6C7A62AC4DCA9004DB405 /* SearchResultCell.xib */; };
		61C6C7A72AC4DDE9004DB405 /* Main.storyboard in Resources */ = {isa = PBXBuildFile; fileRef = 61ABFD0A2AB89A5700C6CD59 /* Main.storyboard */; };
		61C6C7AA2AC4E3F9004DB405 /* Localizable.strings in Resources */ = {isa = PBXBuildFile; fileRef = 61C6C7AC2AC4E3F9004DB405 /* Localizable.strings */; };
		61C6C7B02AC4ECA9004DB405 /* InfoPlist.strings in Resources */ = {isa = PBXBuildFile; fileRef = 61C6C7B22AC4ECA9004DB405 /* InfoPlist.strings */; };
/* End PBXBuildFile section */

/* Begin PBXFileReference section */
		6187A2AE2AC1EFC50075EC87 /* DetailViewController.swift */ = {isa = PBXFileReference; lastKnownFileType = sourcecode.swift; path = DetailViewController.swift; sourceTree = "<group>"; };
		6187A2B02AC3228E0075EC87 /* GradientView.swift */ = {isa = PBXFileReference; lastKnownFileType = sourcecode.swift; path = GradientView.swift; sourceTree = "<group>"; };
		6187A2B22AC327460075EC87 /* BounceAnimationController.swift */ = {isa = PBXFileReference; lastKnownFileType = sourcecode.swift; path = BounceAnimationController.swift; sourceTree = "<group>"; };
		6187A2B42AC328BC0075EC87 /* SlideOutAnimationController.swift */ = {isa = PBXFileReference; lastKnownFileType = sourcecode.swift; path = SlideOutAnimationController.swift; sourceTree = "<group>"; };
		6187A2B82AC32B3B0075EC87 /* LandscapeViewController.swift */ = {isa = PBXFileReference; lastKnownFileType = sourcecode.swift; path = LandscapeViewController.swift; sourceTree = "<group>"; };
		6187A2BA2AC3523B0075EC87 /* FadeOutAnimationController.swift */ = {isa = PBXFileReference; lastKnownFileType = sourcecode.swift; path = FadeOutAnimationController.swift; sourceTree = "<group>"; };
		6187A2BC2AC481890075EC87 /* Search.swift */ = {isa = PBXFileReference; lastKnownFileType = sourcecode.swift; path = Search.swift; sourceTree = "<group>"; };
		61ABFD012AB89A5700C6CD59 /* StoreSearch.app */ = {isa = PBXFileReference; explicitFileType = wrapper.application; includeInIndex = 0; path = StoreSearch.app; sourceTree = BUILT_PRODUCTS_DIR; };
		61ABFD042AB89A5700C6CD59 /* AppDelegate.swift */ = {isa = PBXFileReference; lastKnownFileType = sourcecode.swift; path = AppDelegate.swift; sourceTree = "<group>"; };
		61ABFD062AB89A5700C6CD59 /* SceneDelegate.swift */ = {isa = PBXFileReference; lastKnownFileType = sourcecode.swift; path = SceneDelegate.swift; sourceTree = "<group>"; };
		61ABFD082AB89A5700C6CD59 /* SearchViewController.swift */ = {isa = PBXFileReference; lastKnownFileType = sourcecode.swift; path = SearchViewController.swift; sourceTree = "<group>"; };
		61ABFD0B2AB89A5700C6CD59 /* Base */ = {isa = PBXFileReference; lastKnownFileType = file.storyboard; name = Base; path = Base.lproj/Main.storyboard; sourceTree = "<group>"; };
		61ABFD0D2AB89A5800C6CD59 /* Assets.xcassets */ = {isa = PBXFileReference; lastKnownFileType = folder.assetcatalog; path = Assets.xcassets; sourceTree = "<group>"; };
		61ABFD122AB89A5800C6CD59 /* Info.plist */ = {isa = PBXFileReference; lastKnownFileType = text.plist.xml; path = Info.plist; sourceTree = "<group>"; };
		61ABFD182AB8CA8000C6CD59 /* SearchResult.swift */ = {isa = PBXFileReference; lastKnownFileType = sourcecode.swift; path = SearchResult.swift; sourceTree = "<group>"; };
		61ABFD1C2AB8EFEE00C6CD59 /* SearchResultCell.swift */ = {isa = PBXFileReference; lastKnownFileType = sourcecode.swift; path = SearchResultCell.swift; sourceTree = "<group>"; };
		61ABFD222ABB73F100C6CD59 /* UIImageView+DownloadImage.swift */ = {isa = PBXFileReference; lastKnownFileType = sourcecode.swift; path = "UIImageView+DownloadImage.swift"; sourceTree = "<group>"; };
		61C6C79A2AC4D77A004DB405 /* en */ = {isa = PBXFileReference; lastKnownFileType = file.xib; name = en; path = en.lproj/NothingFoundCell.xib; sourceTree = "<group>"; };
		61C6C79C2AC4D793004DB405 /* nl */ = {isa = PBXFileReference; lastKnownFileType = file.xib; name = nl; path = nl.lproj/NothingFoundCell.xib; sourceTree = "<group>"; };
		61C6C79E2AC4D808004DB405 /* Base */ = {isa = PBXFileReference; lastKnownFileType = file.xib; name = Base; path = Base.lproj/LoadingCell.xib; sourceTree = "<group>"; };
		61C6C7A12AC4D80F004DB405 /* nl */ = {isa = PBXFileReference; lastKnownFileType = text.plist.strings; name = nl; path = nl.lproj/LoadingCell.strings; sourceTree = "<group>"; };
		61C6C7A52AC4DCA9004DB405 /* Base */ = {isa = PBXFileReference; lastKnownFileType = file.xib; name = Base; path = Base.lproj/SearchResultCell.xib; sourceTree = "<group>"; };
		61C6C7AB2AC4E3F9004DB405 /* en */ = {isa = PBXFileReference; lastKnownFileType = text.plist.strings; name = en; path = en.lproj/Localizable.strings; sourceTree = "<group>"; };
		61C6C7AD2AC4E4A3004DB405 /* nl */ = {isa = PBXFileReference; lastKnownFileType = text.plist.strings; name = nl; path = nl.lproj/Localizable.strings; sourceTree = "<group>"; };
		61C6C7B12AC4ECA9004DB405 /* en */ = {isa = PBXFileReference; lastKnownFileType = text.plist.strings; name = en; path = en.lproj/InfoPlist.strings; sourceTree = "<group>"; };
		61C6C7B32AC4ECAC004DB405 /* nl */ = {isa = PBXFileReference; lastKnownFileType = text.plist.strings; name = nl; path = nl.lproj/InfoPlist.strings; sourceTree = "<group>"; };
		61C6C7B52AC5ED29004DB405 /* nl */ = {isa = PBXFileReference; lastKnownFileType = text.plist.strings; name = nl; path = nl.lproj/Main.strings; sourceTree = "<group>"; };
/* End PBXFileReference section */

/* Begin PBXFrameworksBuildPhase section */
		61ABFCFE2AB89A5700C6CD59 /* Frameworks */ = {
			isa = PBXFrameworksBuildPhase;
			buildActionMask = 2147483647;
			files = (
			);
			runOnlyForDeploymentPostprocessing = 0;
		};
/* End PBXFrameworksBuildPhase section */

/* Begin PBXGroup section */
		61ABFCF82AB89A5700C6CD59 = {
			isa = PBXGroup;
			children = (
				61ABFD032AB89A5700C6CD59 /* StoreSearch */,
				61ABFD022AB89A5700C6CD59 /* Products */,
			);
			sourceTree = "<group>";
		};
		61ABFD022AB89A5700C6CD59 /* Products */ = {
			isa = PBXGroup;
			children = (
				61ABFD012AB89A5700C6CD59 /* StoreSearch.app */,
			);
			name = Products;
			sourceTree = "<group>";
		};
		61ABFD032AB89A5700C6CD59 /* StoreSearch */ = {
			isa = PBXGroup;
			children = (
				61ABFD042AB89A5700C6CD59 /* AppDelegate.swift */,
				61ABFD062AB89A5700C6CD59 /* SceneDelegate.swift */,
				61ABFD082AB89A5700C6CD59 /* SearchViewController.swift */,
				61ABFD0A2AB89A5700C6CD59 /* Main.storyboard */,
				61ABFD0D2AB89A5800C6CD59 /* Assets.xcassets */,
				61ABFD122AB89A5800C6CD59 /* Info.plist */,
				61ABFD182AB8CA8000C6CD59 /* SearchResult.swift */,
				61C6C7A62AC4DCA9004DB405 /* SearchResultCell.xib */,
				61ABFD1C2AB8EFEE00C6CD59 /* SearchResultCell.swift */,
				61C6C79B2AC4D77A004DB405 /* NothingFoundCell.xib */,
				61C6C79F2AC4D808004DB405 /* LoadingCell.xib */,
				61ABFD222ABB73F100C6CD59 /* UIImageView+DownloadImage.swift */,
				6187A2AE2AC1EFC50075EC87 /* DetailViewController.swift */,
				6187A2B02AC3228E0075EC87 /* GradientView.swift */,
				6187A2B22AC327460075EC87 /* BounceAnimationController.swift */,
				6187A2B42AC328BC0075EC87 /* SlideOutAnimationController.swift */,
				6187A2B82AC32B3B0075EC87 /* LandscapeViewController.swift */,
				6187A2BA2AC3523B0075EC87 /* FadeOutAnimationController.swift */,
				6187A2BC2AC481890075EC87 /* Search.swift */,
				61C6C7AC2AC4E3F9004DB405 /* Localizable.strings */,
				61C6C7B22AC4ECA9004DB405 /* InfoPlist.strings */,
			);
			path = StoreSearch;
			sourceTree = "<group>";
		};
/* End PBXGroup section */

/* Begin PBXNativeTarget section */
		61ABFD002AB89A5700C6CD59 /* StoreSearch */ = {
			isa = PBXNativeTarget;
			buildConfigurationList = 61ABFD152AB89A5800C6CD59 /* Build configuration list for PBXNativeTarget "StoreSearch" */;
			buildPhases = (
				61ABFCFD2AB89A5700C6CD59 /* Sources */,
				61ABFCFE2AB89A5700C6CD59 /* Frameworks */,
				61ABFCFF2AB89A5700C6CD59 /* Resources */,
			);
			buildRules = (
			);
			dependencies = (
			);
			name = StoreSearch;
			productName = StoreSearch;
			productReference = 61ABFD012AB89A5700C6CD59 /* StoreSearch.app */;
			productType = "com.apple.product-type.application";
		};
/* End PBXNativeTarget section */

/* Begin PBXProject section */
		61ABFCF92AB89A5700C6CD59 /* Project object */ = {
			isa = PBXProject;
			attributes = {
				BuildIndependentTargetsInParallel = 1;
				LastSwiftUpdateCheck = 1430;
				LastUpgradeCheck = 1430;
				TargetAttributes = {
					61ABFD002AB89A5700C6CD59 = {
						CreatedOnToolsVersion = 14.3.1;
					};
				};
			};
			buildConfigurationList = 61ABFCFC2AB89A5700C6CD59 /* Build configuration list for PBXProject "StoreSearch" */;
			compatibilityVersion = "Xcode 14.0";
			developmentRegion = en;
			hasScannedForEncodings = 0;
			knownRegions = (
				en,
				Base,
				nl,
			);
			mainGroup = 61ABFCF82AB89A5700C6CD59;
			productRefGroup = 61ABFD022AB89A5700C6CD59 /* Products */;
			projectDirPath = "";
			projectRoot = "";
			targets = (
				61ABFD002AB89A5700C6CD59 /* StoreSearch */,
			);
		};
/* End PBXProject section */

/* Begin PBXResourcesBuildPhase section */
		61ABFCFF2AB89A5700C6CD59 /* Resources */ = {
			isa = PBXResourcesBuildPhase;
			buildActionMask = 2147483647;
			files = (
				61ABFD0E2AB89A5800C6CD59 /* Assets.xcassets in Resources */,
				61C6C7B02AC4ECA9004DB405 /* InfoPlist.strings in Resources */,
				61C6C7AA2AC4E3F9004DB405 /* Localizable.strings in Resources */,
				61C6C7A72AC4DDE9004DB405 /* Main.storyboard in Resources */,
				61C6C79D2AC4D808004DB405 /* LoadingCell.xib in Resources */,
				61C6C7A42AC4DCA9004DB405 /* SearchResultCell.xib in Resources */,
				61C6C7992AC4D77A004DB405 /* NothingFoundCell.xib in Resources */,
			);
			runOnlyForDeploymentPostprocessing = 0;
		};
/* End PBXResourcesBuildPhase section */

/* Begin PBXSourcesBuildPhase section */
		61ABFCFD2AB89A5700C6CD59 /* Sources */ = {
			isa = PBXSourcesBuildPhase;
			buildActionMask = 2147483647;
			files = (
				6187A2BD2AC481890075EC87 /* Search.swift in Sources */,
				61ABFD092AB89A5700C6CD59 /* SearchViewController.swift in Sources */,
				61ABFD052AB89A5700C6CD59 /* AppDelegate.swift in Sources */,
				6187A2BB2AC3523B0075EC87 /* FadeOutAnimationController.swift in Sources */,
				61ABFD232ABB73F100C6CD59 /* UIImageView+DownloadImage.swift in Sources */,
				61ABFD192AB8CA8000C6CD59 /* SearchResult.swift in Sources */,
				6187A2B32AC327460075EC87 /* BounceAnimationController.swift in Sources */,
				6187A2B92AC32B3B0075EC87 /* LandscapeViewController.swift in Sources */,
				61ABFD072AB89A5700C6CD59 /* SceneDelegate.swift in Sources */,
				61ABFD1D2AB8EFEE00C6CD59 /* SearchResultCell.swift in Sources */,
				6187A2B12AC3228E0075EC87 /* GradientView.swift in Sources */,
				6187A2AF2AC1EFC50075EC87 /* DetailViewController.swift in Sources */,
				6187A2B52AC328BC0075EC87 /* SlideOutAnimationController.swift in Sources */,
			);
			runOnlyForDeploymentPostprocessing = 0;
		};
/* End PBXSourcesBuildPhase section */

/* Begin PBXVariantGroup section */
		61ABFD0A2AB89A5700C6CD59 /* Main.storyboard */ = {
			isa = PBXVariantGroup;
			children = (
				61ABFD0B2AB89A5700C6CD59 /* Base */,
				61C6C7B52AC5ED29004DB405 /* nl */,
			);
			name = Main.storyboard;
			sourceTree = "<group>";
		};
		61C6C79B2AC4D77A004DB405 /* NothingFoundCell.xib */ = {
			isa = PBXVariantGroup;
			children = (
				61C6C79A2AC4D77A004DB405 /* en */,
				61C6C79C2AC4D793004DB405 /* nl */,
			);
			name = NothingFoundCell.xib;
			sourceTree = "<group>";
		};
		61C6C79F2AC4D808004DB405 /* LoadingCell.xib */ = {
			isa = PBXVariantGroup;
			children = (
				61C6C79E2AC4D808004DB405 /* Base */,
				61C6C7A12AC4D80F004DB405 /* nl */,
			);
			name = LoadingCell.xib;
			sourceTree = "<group>";
		};
		61C6C7A62AC4DCA9004DB405 /* SearchResultCell.xib */ = {
			isa = PBXVariantGroup;
			children = (
				61C6C7A52AC4DCA9004DB405 /* Base */,
			);
			name = SearchResultCell.xib;
			sourceTree = "<group>";
		};
		61C6C7AC2AC4E3F9004DB405 /* Localizable.strings */ = {
			isa = PBXVariantGroup;
			children = (
				61C6C7AB2AC4E3F9004DB405 /* en */,
				61C6C7AD2AC4E4A3004DB405 /* nl */,
			);
			name = Localizable.strings;
			sourceTree = "<group>";
		};
		61C6C7B22AC4ECA9004DB405 /* InfoPlist.strings */ = {
			isa = PBXVariantGroup;
			children = (
				61C6C7B12AC4ECA9004DB405 /* en */,
				61C6C7B32AC4ECAC004DB405 /* nl */,
			);
			name = InfoPlist.strings;
			sourceTree = "<group>";
		};
/* End PBXVariantGroup section */

/* Begin XCBuildConfiguration section */
		61ABFD132AB89A5800C6CD59 /* Debug */ = {
			isa = XCBuildConfiguration;
			buildSettings = {
				ALWAYS_SEARCH_USER_PATHS = NO;
				CLANG_ANALYZER_LOCALIZABILITY_NONLOCALIZED = YES;
				CLANG_ANALYZER_NONNULL = YES;
				CLANG_ANALYZER_NUMBER_OBJECT_CONVERSION = YES_AGGRESSIVE;
				CLANG_CXX_LANGUAGE_STANDARD = "gnu++20";
				CLANG_ENABLE_MODULES = YES;
				CLANG_ENABLE_OBJC_ARC = YES;
				CLANG_ENABLE_OBJC_WEAK = YES;
				CLANG_WARN_BLOCK_CAPTURE_AUTORELEASING = YES;
				CLANG_WARN_BOOL_CONVERSION = YES;
				CLANG_WARN_COMMA = YES;
				CLANG_WARN_CONSTANT_CONVERSION = YES;
				CLANG_WARN_DEPRECATED_OBJC_IMPLEMENTATIONS = YES;
				CLANG_WARN_DIRECT_OBJC_ISA_USAGE = YES_ERROR;
				CLANG_WARN_DOCUMENTATION_COMMENTS = YES;
				CLANG_WARN_EMPTY_BODY = YES;
				CLANG_WARN_ENUM_CONVERSION = YES;
				CLANG_WARN_INFINITE_RECURSION = YES;
				CLANG_WARN_INT_CONVERSION = YES;
				CLANG_WARN_NON_LITERAL_NULL_CONVERSION = YES;
				CLANG_WARN_OBJC_IMPLICIT_RETAIN_SELF = YES;
				CLANG_WARN_OBJC_LITERAL_CONVERSION = YES;
				CLANG_WARN_OBJC_ROOT_CLASS = YES_ERROR;
				CLANG_WARN_QUOTED_INCLUDE_IN_FRAMEWORK_HEADER = YES;
				CLANG_WARN_RANGE_LOOP_ANALYSIS = YES;
				CLANG_WARN_STRICT_PROTOTYPES = YES;
				CLANG_WARN_SUSPICIOUS_MOVE = YES;
				CLANG_WARN_UNGUARDED_AVAILABILITY = YES_AGGRESSIVE;
				CLANG_WARN_UNREACHABLE_CODE = YES;
				CLANG_WARN__DUPLICATE_METHOD_MATCH = YES;
				COPY_PHASE_STRIP = NO;
				DEBUG_INFORMATION_FORMAT = dwarf;
				ENABLE_STRICT_OBJC_MSGSEND = YES;
				ENABLE_TESTABILITY = YES;
				GCC_C_LANGUAGE_STANDARD = gnu11;
				GCC_DYNAMIC_NO_PIC = NO;
				GCC_NO_COMMON_BLOCKS = YES;
				GCC_OPTIMIZATION_LEVEL = 0;
				GCC_PREPROCESSOR_DEFINITIONS = (
					"DEBUG=1",
					"$(inherited)",
				);
				GCC_WARN_64_TO_32_BIT_CONVERSION = YES;
				GCC_WARN_ABOUT_RETURN_TYPE = YES_ERROR;
				GCC_WARN_UNDECLARED_SELECTOR = YES;
				GCC_WARN_UNINITIALIZED_AUTOS = YES_AGGRESSIVE;
				GCC_WARN_UNUSED_FUNCTION = YES;
				GCC_WARN_UNUSED_VARIABLE = YES;
				IPHONEOS_DEPLOYMENT_TARGET = 16.4;
				MTL_ENABLE_DEBUG_INFO = INCLUDE_SOURCE;
				MTL_FAST_MATH = YES;
				ONLY_ACTIVE_ARCH = YES;
				SDKROOT = iphoneos;
				SWIFT_ACTIVE_COMPILATION_CONDITIONS = DEBUG;
				SWIFT_OPTIMIZATION_LEVEL = "-Onone";
			};
			name = Debug;
		};
		61ABFD142AB89A5800C6CD59 /* Release */ = {
			isa = XCBuildConfiguration;
			buildSettings = {
				ALWAYS_SEARCH_USER_PATHS = NO;
				CLANG_ANALYZER_LOCALIZABILITY_NONLOCALIZED = YES;
				CLANG_ANALYZER_NONNULL = YES;
				CLANG_ANALYZER_NUMBER_OBJECT_CONVERSION = YES_AGGRESSIVE;
				CLANG_CXX_LANGUAGE_STANDARD = "gnu++20";
				CLANG_ENABLE_MODULES = YES;
				CLANG_ENABLE_OBJC_ARC = YES;
				CLANG_ENABLE_OBJC_WEAK = YES;
				CLANG_WARN_BLOCK_CAPTURE_AUTORELEASING = YES;
				CLANG_WARN_BOOL_CONVERSION = YES;
				CLANG_WARN_COMMA = YES;
				CLANG_WARN_CONSTANT_CONVERSION = YES;
				CLANG_WARN_DEPRECATED_OBJC_IMPLEMENTATIONS = YES;
				CLANG_WARN_DIRECT_OBJC_ISA_USAGE = YES_ERROR;
				CLANG_WARN_DOCUMENTATION_COMMENTS = YES;
				CLANG_WARN_EMPTY_BODY = YES;
				CLANG_WARN_ENUM_CONVERSION = YES;
				CLANG_WARN_INFINITE_RECURSION = YES;
				CLANG_WARN_INT_CONVERSION = YES;
				CLANG_WARN_NON_LITERAL_NULL_CONVERSION = YES;
				CLANG_WARN_OBJC_IMPLICIT_RETAIN_SELF = YES;
				CLANG_WARN_OBJC_LITERAL_CONVERSION = YES;
				CLANG_WARN_OBJC_ROOT_CLASS = YES_ERROR;
				CLANG_WARN_QUOTED_INCLUDE_IN_FRAMEWORK_HEADER = YES;
				CLANG_WARN_RANGE_LOOP_ANALYSIS = YES;
				CLANG_WARN_STRICT_PROTOTYPES = YES;
				CLANG_WARN_SUSPICIOUS_MOVE = YES;
				CLANG_WARN_UNGUARDED_AVAILABILITY = YES_AGGRESSIVE;
				CLANG_WARN_UNREACHABLE_CODE = YES;
				CLANG_WARN__DUPLICATE_METHOD_MATCH = YES;
				COPY_PHASE_STRIP = NO;
				DEBUG_INFORMATION_FORMAT = "dwarf-with-dsym";
				ENABLE_NS_ASSERTIONS = NO;
				ENABLE_STRICT_OBJC_MSGSEND = YES;
				GCC_C_LANGUAGE_STANDARD = gnu11;
				GCC_NO_COMMON_BLOCKS = YES;
				GCC_WARN_64_TO_32_BIT_CONVERSION = YES;
				GCC_WARN_ABOUT_RETURN_TYPE = YES_ERROR;
				GCC_WARN_UNDECLARED_SELECTOR = YES;
				GCC_WARN_UNINITIALIZED_AUTOS = YES_AGGRESSIVE;
				GCC_WARN_UNUSED_FUNCTION = YES;
				GCC_WARN_UNUSED_VARIABLE = YES;
				IPHONEOS_DEPLOYMENT_TARGET = 16.4;
				MTL_ENABLE_DEBUG_INFO = NO;
				MTL_FAST_MATH = YES;
				SDKROOT = iphoneos;
				SWIFT_COMPILATION_MODE = wholemodule;
				SWIFT_OPTIMIZATION_LEVEL = "-O";
				VALIDATE_PRODUCT = YES;
			};
			name = Release;
		};
		61ABFD162AB89A5800C6CD59 /* Debug */ = {
			isa = XCBuildConfiguration;
			buildSettings = {
				ASSETCATALOG_COMPILER_APPICON_NAME = AppIcon;
				ASSETCATALOG_COMPILER_GLOBAL_ACCENT_COLOR_NAME = AccentColor;
				CODE_SIGN_STYLE = Automatic;
				CURRENT_PROJECT_VERSION = 1;
				GENERATE_INFOPLIST_FILE = YES;
				INFOPLIST_FILE = StoreSearch/Info.plist;
				INFOPLIST_KEY_UIApplicationSupportsIndirectInputEvents = YES;
				INFOPLIST_KEY_UILaunchStoryboardName = Main.storyboard;
				INFOPLIST_KEY_UIMainStoryboardFile = Main;
				INFOPLIST_KEY_UISupportedInterfaceOrientations_iPad = "UIInterfaceOrientationPortrait UIInterfaceOrientationPortraitUpsideDown UIInterfaceOrientationLandscapeLeft UIInterfaceOrientationLandscapeRight";
				INFOPLIST_KEY_UISupportedInterfaceOrientations_iPhone = "UIInterfaceOrientationPortrait UIInterfaceOrientationLandscapeLeft UIInterfaceOrientationLandscapeRight";
				LD_RUNPATH_SEARCH_PATHS = (
					"$(inherited)",
					"@executable_path/Frameworks",
				);
				MARKETING_VERSION = 1.0;
				PRODUCT_BUNDLE_IDENTIFIER = "Nehemiah-James.StoreSearch";
				PRODUCT_NAME = "$(TARGET_NAME)";
				SWIFT_EMIT_LOC_STRINGS = YES;
				SWIFT_VERSION = 5.0;
				TARGETED_DEVICE_FAMILY = "1,2";
			};
			name = Debug;
		};
		61ABFD172AB89A5800C6CD59 /* Release */ = {
			isa = XCBuildConfiguration;
			buildSettings = {
				ASSETCATALOG_COMPILER_APPICON_NAME = AppIcon;
				ASSETCATALOG_COMPILER_GLOBAL_ACCENT_COLOR_NAME = AccentColor;
				CODE_SIGN_STYLE = Automatic;
				CURRENT_PROJECT_VERSION = 1;
				GENERATE_INFOPLIST_FILE = YES;
				INFOPLIST_FILE = StoreSearch/Info.plist;
				INFOPLIST_KEY_UIApplicationSupportsIndirectInputEvents = YES;
				INFOPLIST_KEY_UILaunchStoryboardName = Main.storyboard;
				INFOPLIST_KEY_UIMainStoryboardFile = Main;
				INFOPLIST_KEY_UISupportedInterfaceOrientations_iPad = "UIInterfaceOrientationPortrait UIInterfaceOrientationPortraitUpsideDown UIInterfaceOrientationLandscapeLeft UIInterfaceOrientationLandscapeRight";
				INFOPLIST_KEY_UISupportedInterfaceOrientations_iPhone = "UIInterfaceOrientationPortrait UIInterfaceOrientationLandscapeLeft UIInterfaceOrientationLandscapeRight";
				LD_RUNPATH_SEARCH_PATHS = (
					"$(inherited)",
					"@executable_path/Frameworks",
				);
				MARKETING_VERSION = 1.0;
				PRODUCT_BUNDLE_IDENTIFIER = "Nehemiah-James.StoreSearch";
				PRODUCT_NAME = "$(TARGET_NAME)";
				SWIFT_EMIT_LOC_STRINGS = YES;
				SWIFT_VERSION = 5.0;
				TARGETED_DEVICE_FAMILY = "1,2";
			};
			name = Release;
		};
/* End XCBuildConfiguration section */

/* Begin XCConfigurationList section */
		61ABFCFC2AB89A5700C6CD59 /* Build configuration list for PBXProject "StoreSearch" */ = {
			isa = XCConfigurationList;
			buildConfigurations = (
				61ABFD132AB89A5800C6CD59 /* Debug */,
				61ABFD142AB89A5800C6CD59 /* Release */,
			);
			defaultConfigurationIsVisible = 0;
			defaultConfigurationName = Release;
		};
		61ABFD152AB89A5800C6CD59 /* Build configuration list for PBXNativeTarget "StoreSearch" */ = {
			isa = XCConfigurationList;
			buildConfigurations = (
				61ABFD162AB89A5800C6CD59 /* Debug */,
				61ABFD172AB89A5800C6CD59 /* Release */,
			);
			defaultConfigurationIsVisible = 0;
			defaultConfigurationName = Release;
		};
/* End XCConfigurationList section */
	};
	rootObject = 61ABFCF92AB89A5700C6CD59 /* Project object */;
}
